// !$*UTF8*$!
{
	archiveVersion = 1;
	classes = {
	};
	objectVersion = 46;
	objects = {

/* Begin PBXBuildFile section */
		5A0071DE177C2F6B0089B997 /* YKImageCropperOverlayView.m in Sources */ = {isa = PBXBuildFile; fileRef = 5A0071DD177C2F6B0089B997 /* YKImageCropperOverlayView.m */; };
		5A68CCAD177AF57B00C89252 /* UIKit.framework in Frameworks */ = {isa = PBXBuildFile; fileRef = 5A68CCAC177AF57B00C89252 /* UIKit.framework */; };
		5A68CCAF177AF57B00C89252 /* Foundation.framework in Frameworks */ = {isa = PBXBuildFile; fileRef = 5A68CCAE177AF57B00C89252 /* Foundation.framework */; };
		5A68CCB1177AF57B00C89252 /* CoreGraphics.framework in Frameworks */ = {isa = PBXBuildFile; fileRef = 5A68CCB0177AF57B00C89252 /* CoreGraphics.framework */; };
		5A68CCB7177AF57B00C89252 /* InfoPlist.strings in Resources */ = {isa = PBXBuildFile; fileRef = 5A68CCB5177AF57B00C89252 /* InfoPlist.strings */; };
		5A68CCB9177AF57B00C89252 /* main.m in Sources */ = {isa = PBXBuildFile; fileRef = 5A68CCB8177AF57B00C89252 /* main.m */; };
		5A68CCBD177AF57B00C89252 /* AppDelegate.m in Sources */ = {isa = PBXBuildFile; fileRef = 5A68CCBC177AF57B00C89252 /* AppDelegate.m */; };
		5A68CCBF177AF57B00C89252 /* Default.png in Resources */ = {isa = PBXBuildFile; fileRef = 5A68CCBE177AF57B00C89252 /* Default.png */; };
		5A68CCC1177AF57B00C89252 /* Default@2x.png in Resources */ = {isa = PBXBuildFile; fileRef = 5A68CCC0177AF57B00C89252 /* Default@2x.png */; };
		5A68CCC3177AF57B00C89252 /* Default-568h@2x.png in Resources */ = {isa = PBXBuildFile; fileRef = 5A68CCC2177AF57B00C89252 /* Default-568h@2x.png */; };
		5AF9501B177AFD1D0005941C /* YKImageCropperView.m in Sources */ = {isa = PBXBuildFile; fileRef = 5A68CCCB177AF5D300C89252 /* YKImageCropperView.m */; };
		5AF9501C177AFD1D0005941C /* YKImageCropperViewController.m in Sources */ = {isa = PBXBuildFile; fileRef = 5A68CCCD177AF5D300C89252 /* YKImageCropperViewController.m */; };
		5AF9501E177B2CC30005941C /* Sample.jpg in Resources */ = {isa = PBXBuildFile; fileRef = 5AF9501D177B2CC30005941C /* Sample.jpg */; };
/* End PBXBuildFile section */

/* Begin PBXFileReference section */
		5A0071DC177C2F6B0089B997 /* YKImageCropperOverlayView.h */ = {isa = PBXFileReference; fileEncoding = 4; lastKnownFileType = sourcecode.c.h; path = YKImageCropperOverlayView.h; sourceTree = "<group>"; };
		5A0071DD177C2F6B0089B997 /* YKImageCropperOverlayView.m */ = {isa = PBXFileReference; fileEncoding = 4; lastKnownFileType = sourcecode.c.objc; path = YKImageCropperOverlayView.m; sourceTree = "<group>"; };
		5A68CCA9177AF57B00C89252 /* YKImageCropperExample.app */ = {isa = PBXFileReference; explicitFileType = wrapper.application; includeInIndex = 0; path = YKImageCropperExample.app; sourceTree = BUILT_PRODUCTS_DIR; };
		5A68CCAC177AF57B00C89252 /* UIKit.framework */ = {isa = PBXFileReference; lastKnownFileType = wrapper.framework; name = UIKit.framework; path = System/Library/Frameworks/UIKit.framework; sourceTree = SDKROOT; };
		5A68CCAE177AF57B00C89252 /* Foundation.framework */ = {isa = PBXFileReference; lastKnownFileType = wrapper.framework; name = Foundation.framework; path = System/Library/Frameworks/Foundation.framework; sourceTree = SDKROOT; };
		5A68CCB0177AF57B00C89252 /* CoreGraphics.framework */ = {isa = PBXFileReference; lastKnownFileType = wrapper.framework; name = CoreGraphics.framework; path = System/Library/Frameworks/CoreGraphics.framework; sourceTree = SDKROOT; };
		5A68CCB4177AF57B00C89252 /* YKImageCropperExample-Info.plist */ = {isa = PBXFileReference; lastKnownFileType = text.plist.xml; path = "YKImageCropperExample-Info.plist"; sourceTree = "<group>"; };
		5A68CCB6177AF57B00C89252 /* en */ = {isa = PBXFileReference; lastKnownFileType = text.plist.strings; name = en; path = en.lproj/InfoPlist.strings; sourceTree = "<group>"; };
		5A68CCB8177AF57B00C89252 /* main.m */ = {isa = PBXFileReference; lastKnownFileType = sourcecode.c.objc; path = main.m; sourceTree = "<group>"; };
		5A68CCBA177AF57B00C89252 /* YKImageCropperExample-Prefix.pch */ = {isa = PBXFileReference; lastKnownFileType = sourcecode.c.h; path = "YKImageCropperExample-Prefix.pch"; sourceTree = "<group>"; };
		5A68CCBB177AF57B00C89252 /* AppDelegate.h */ = {isa = PBXFileReference; lastKnownFileType = sourcecode.c.h; path = AppDelegate.h; sourceTree = "<group>"; };
		5A68CCBC177AF57B00C89252 /* AppDelegate.m */ = {isa = PBXFileReference; lastKnownFileType = sourcecode.c.objc; path = AppDelegate.m; sourceTree = "<group>"; };
		5A68CCBE177AF57B00C89252 /* Default.png */ = {isa = PBXFileReference; lastKnownFileType = image.png; path = Default.png; sourceTree = "<group>"; };
		5A68CCC0177AF57B00C89252 /* Default@2x.png */ = {isa = PBXFileReference; lastKnownFileType = image.png; path = "Default@2x.png"; sourceTree = "<group>"; };
		5A68CCC2177AF57B00C89252 /* Default-568h@2x.png */ = {isa = PBXFileReference; lastKnownFileType = image.png; path = "Default-568h@2x.png"; sourceTree = "<group>"; };
		5A68CCCA177AF5D300C89252 /* YKImageCropperView.h */ = {isa = PBXFileReference; lastKnownFileType = sourcecode.c.h; path = YKImageCropperView.h; sourceTree = "<group>"; };
		5A68CCCB177AF5D300C89252 /* YKImageCropperView.m */ = {isa = PBXFileReference; lastKnownFileType = sourcecode.c.objc; path = YKImageCropperView.m; sourceTree = "<group>"; };
		5A68CCCC177AF5D300C89252 /* YKImageCropperViewController.h */ = {isa = PBXFileReference; lastKnownFileType = sourcecode.c.h; path = YKImageCropperViewController.h; sourceTree = "<group>"; };
		5A68CCCD177AF5D300C89252 /* YKImageCropperViewController.m */ = {isa = PBXFileReference; lastKnownFileType = sourcecode.c.objc; path = YKImageCropperViewController.m; sourceTree = "<group>"; };
		5AF9501D177B2CC30005941C /* Sample.jpg */ = {isa = PBXFileReference; lastKnownFileType = image.jpeg; path = Sample.jpg; sourceTree = "<group>"; };
/* End PBXFileReference section */

/* Begin PBXFrameworksBuildPhase section */
		5A68CCA6177AF57B00C89252 /* Frameworks */ = {
			isa = PBXFrameworksBuildPhase;
			buildActionMask = 2147483647;
			files = (
				5A68CCAD177AF57B00C89252 /* UIKit.framework in Frameworks */,
				5A68CCAF177AF57B00C89252 /* Foundation.framework in Frameworks */,
				5A68CCB1177AF57B00C89252 /* CoreGraphics.framework in Frameworks */,
			);
			runOnlyForDeploymentPostprocessing = 0;
		};
/* End PBXFrameworksBuildPhase section */

/* Begin PBXGroup section */
		5A68CCA0177AF57B00C89252 = {
			isa = PBXGroup;
			children = (
				5A68CCC9177AF5BE00C89252 /* YKImageCropper */,
				5A68CCB2177AF57B00C89252 /* YKImageCropperExample */,
				5A68CCAB177AF57B00C89252 /* Frameworks */,
				5A68CCAA177AF57B00C89252 /* Products */,
			);
			sourceTree = "<group>";
		};
		5A68CCAA177AF57B00C89252 /* Products */ = {
			isa = PBXGroup;
			children = (
				5A68CCA9177AF57B00C89252 /* YKImageCropperExample.app */,
			);
			name = Products;
			sourceTree = "<group>";
		};
		5A68CCAB177AF57B00C89252 /* Frameworks */ = {
			isa = PBXGroup;
			children = (
				5A68CCAC177AF57B00C89252 /* UIKit.framework */,
				5A68CCAE177AF57B00C89252 /* Foundation.framework */,
				5A68CCB0177AF57B00C89252 /* CoreGraphics.framework */,
			);
			name = Frameworks;
			sourceTree = "<group>";
		};
		5A68CCB2177AF57B00C89252 /* YKImageCropperExample */ = {
			isa = PBXGroup;
			children = (
				5A68CCBB177AF57B00C89252 /* AppDelegate.h */,
				5A68CCBC177AF57B00C89252 /* AppDelegate.m */,
				5A68CCB3177AF57B00C89252 /* Supporting Files */,
			);
			path = YKImageCropperExample;
			sourceTree = "<group>";
		};
		5A68CCB3177AF57B00C89252 /* Supporting Files */ = {
			isa = PBXGroup;
			children = (
				5AF9501D177B2CC30005941C /* Sample.jpg */,
				5A68CCB4177AF57B00C89252 /* YKImageCropperExample-Info.plist */,
				5A68CCB5177AF57B00C89252 /* InfoPlist.strings */,
				5A68CCB8177AF57B00C89252 /* main.m */,
				5A68CCBA177AF57B00C89252 /* YKImageCropperExample-Prefix.pch */,
				5A68CCBE177AF57B00C89252 /* Default.png */,
				5A68CCC0177AF57B00C89252 /* Default@2x.png */,
				5A68CCC2177AF57B00C89252 /* Default-568h@2x.png */,
			);
			name = "Supporting Files";
			sourceTree = "<group>";
		};
		5A68CCC9177AF5BE00C89252 /* YKImageCropper */ = {
			isa = PBXGroup;
			children = (
				5A68CCCA177AF5D300C89252 /* YKImageCropperView.h */,
				5A68CCCB177AF5D300C89252 /* YKImageCropperView.m */,
				5A0071DC177C2F6B0089B997 /* YKImageCropperOverlayView.h */,
				5A0071DD177C2F6B0089B997 /* YKImageCropperOverlayView.m */,
				5A68CCCC177AF5D300C89252 /* YKImageCropperViewController.h */,
				5A68CCCD177AF5D300C89252 /* YKImageCropperViewController.m */,
			);
			name = YKImageCropper;
			path = ../YKImageCropper;
			sourceTree = "<group>";
		};
/* End PBXGroup section */

/* Begin PBXNativeTarget section */
		5A68CCA8177AF57B00C89252 /* YKImageCropperExample */ = {
			isa = PBXNativeTarget;
			buildConfigurationList = 5A68CCC6177AF57B00C89252 /* Build configuration list for PBXNativeTarget "YKImageCropperExample" */;
			buildPhases = (
				5A68CCA5177AF57B00C89252 /* Sources */,
				5A68CCA6177AF57B00C89252 /* Frameworks */,
				5A68CCA7177AF57B00C89252 /* Resources */,
			);
			buildRules = (
			);
			dependencies = (
			);
			name = YKImageCropperExample;
			productName = YKImageCropperExample;
			productReference = 5A68CCA9177AF57B00C89252 /* YKImageCropperExample.app */;
			productType = "com.apple.product-type.application";
		};
/* End PBXNativeTarget section */

/* Begin PBXProject section */
		5A68CCA1177AF57B00C89252 /* Project object */ = {
			isa = PBXProject;
			attributes = {
				LastUpgradeCheck = 0460;
			};
			buildConfigurationList = 5A68CCA4177AF57B00C89252 /* Build configuration list for PBXProject "YKImageCropperExample" */;
			compatibilityVersion = "Xcode 3.2";
			developmentRegion = English;
			hasScannedForEncodings = 0;
			knownRegions = (
				en,
			);
			mainGroup = 5A68CCA0177AF57B00C89252;
			productRefGroup = 5A68CCAA177AF57B00C89252 /* Products */;
			projectDirPath = "";
			projectRoot = "";
			targets = (
				5A68CCA8177AF57B00C89252 /* YKImageCropperExample */,
			);
		};
/* End PBXProject section */

/* Begin PBXResourcesBuildPhase section */
		5A68CCA7177AF57B00C89252 /* Resources */ = {
			isa = PBXResourcesBuildPhase;
			buildActionMask = 2147483647;
			files = (
				5A68CCB7177AF57B00C89252 /* InfoPlist.strings in Resources */,
				5A68CCBF177AF57B00C89252 /* Default.png in Resources */,
				5A68CCC1177AF57B00C89252 /* Default@2x.png in Resources */,
				5A68CCC3177AF57B00C89252 /* Default-568h@2x.png in Resources */,
				5AF9501E177B2CC30005941C /* Sample.jpg in Resources */,
			);
			runOnlyForDeploymentPostprocessing = 0;
		};
/* End PBXResourcesBuildPhase section */

/* Begin PBXSourcesBuildPhase section */
		5A68CCA5177AF57B00C89252 /* Sources */ = {
			isa = PBXSourcesBuildPhase;
			buildActionMask = 2147483647;
			files = (
				5AF9501B177AFD1D0005941C /* YKImageCropperView.m in Sources */,
				5AF9501C177AFD1D0005941C /* YKImageCropperViewController.m in Sources */,
				5A68CCB9177AF57B00C89252 /* main.m in Sources */,
				5A68CCBD177AF57B00C89252 /* AppDelegate.m in Sources */,
				5A0071DE177C2F6B0089B997 /* YKImageCropperOverlayView.m in Sources */,
			);
			runOnlyForDeploymentPostprocessing = 0;
		};
/* End PBXSourcesBuildPhase section */

/* Begin PBXVariantGroup section */
		5A68CCB5177AF57B00C89252 /* InfoPlist.strings */ = {
			isa = PBXVariantGroup;
			children = (
				5A68CCB6177AF57B00C89252 /* en */,
			);
			name = InfoPlist.strings;
			sourceTree = "<group>";
		};
/* End PBXVariantGroup section */

/* Begin XCBuildConfiguration section */
		5A68CCC4177AF57B00C89252 /* Debug */ = {
			isa = XCBuildConfiguration;
			buildSettings = {
				ALWAYS_SEARCH_USER_PATHS = NO;
				CLANG_CXX_LANGUAGE_STANDARD = "gnu++0x";
				CLANG_CXX_LIBRARY = "libc++";
				CLANG_ENABLE_OBJC_ARC = YES;
				CLANG_WARN_CONSTANT_CONVERSION = YES;
				CLANG_WARN_EMPTY_BODY = YES;
				CLANG_WARN_ENUM_CONVERSION = YES;
				CLANG_WARN_INT_CONVERSION = YES;
				CLANG_WARN__DUPLICATE_METHOD_MATCH = YES;
				"CODE_SIGN_IDENTITY[sdk=iphoneos*]" = "iPhone Developer";
				COPY_PHASE_STRIP = NO;
				GCC_C_LANGUAGE_STANDARD = gnu99;
				GCC_DYNAMIC_NO_PIC = NO;
				GCC_OPTIMIZATION_LEVEL = 0;
				GCC_PREPROCESSOR_DEFINITIONS = (
					"DEBUG=1",
					"$(inherited)",
				);
				GCC_SYMBOLS_PRIVATE_EXTERN = NO;
				GCC_WARN_ABOUT_RETURN_TYPE = YES;
				GCC_WARN_UNINITIALIZED_AUTOS = YES;
				GCC_WARN_UNUSED_VARIABLE = YES;
				IPHONEOS_DEPLOYMENT_TARGET = 6.1;
				ONLY_ACTIVE_ARCH = YES;
				SDKROOT = iphoneos;
			};
			name = Debug;
		};
		5A68CCC5177AF57B00C89252 /* Release */ = {
			isa = XCBuildConfiguration;
			buildSettings = {
				ALWAYS_SEARCH_USER_PATHS = NO;
				CLANG_CXX_LANGUAGE_STANDARD = "gnu++0x";
				CLANG_CXX_LIBRARY = "libc++";
				CLANG_ENABLE_OBJC_ARC = YES;
				CLANG_WARN_CONSTANT_CONVERSION = YES;
				CLANG_WARN_EMPTY_BODY = YES;
				CLANG_WARN_ENUM_CONVERSION = YES;
				CLANG_WARN_INT_CONVERSION = YES;
				CLANG_WARN__DUPLICATE_METHOD_MATCH = YES;
				"CODE_SIGN_IDENTITY[sdk=iphoneos*]" = "iPhone Developer";
				COPY_PHASE_STRIP = YES;
				GCC_C_LANGUAGE_STANDARD = gnu99;
				GCC_WARN_ABOUT_RETURN_TYPE = YES;
				GCC_WARN_UNINITIALIZED_AUTOS = YES;
				GCC_WARN_UNUSED_VARIABLE = YES;
				IPHONEOS_DEPLOYMENT_TARGET = 6.1;
				OTHER_CFLAGS = "-DNS_BLOCK_ASSERTIONS=1";
				SDKROOT = iphoneos;
				VALIDATE_PRODUCT = YES;
			};
			name = Release;
		};
		5A68CCC7177AF57B00C89252 /* Debug */ = {
			isa = XCBuildConfiguration;
			buildSettings = {
				GCC_PRECOMPILE_PREFIX_HEADER = YES;
				GCC_PREFIX_HEADER = "YKImageCropperExample/YKImageCropperExample-Prefix.pch";
				INFOPLIST_FILE = "YKImageCropperExample/YKImageCropperExample-Info.plist";
				PRODUCT_NAME = "$(TARGET_NAME)";
				WRAPPER_EXTENSION = app;
			};
			name = Debug;
		};
		5A68CCC8177AF57B00C89252 /* Release */ = {
			isa = XCBuildConfiguration;
			buildSettings = {
				GCC_PRECOMPILE_PREFIX_HEADER = YES;
				GCC_PREFIX_HEADER = "YKImageCropperExample/YKImageCropperExample-Prefix.pch";
				INFOPLIST_FILE = "YKImageCropperExample/YKImageCropperExample-Info.plist";
				PRODUCT_NAME = "$(TARGET_NAME)";
				WRAPPER_EXTENSION = app;
			};
			name = Release;
		};
/* End XCBuildConfiguration section */

/* Begin XCConfigurationList section */
		5A68CCA4177AF57B00C89252 /* Build configuration list for PBXProject "YKImageCropperExample" */ = {
			isa = XCConfigurationList;
			buildConfigurations = (
				5A68CCC4177AF57B00C89252 /* Debug */,
				5A68CCC5177AF57B00C89252 /* Release */,
			);
			defaultConfigurationIsVisible = 0;
			defaultConfigurationName = Release;
		};
		5A68CCC6177AF57B00C89252 /* Build configuration list for PBXNativeTarget "YKImageCropperExample" */ = {
			isa = XCConfigurationList;
			buildConfigurations = (
				5A68CCC7177AF57B00C89252 /* Debug */,
				5A68CCC8177AF57B00C89252 /* Release */,
			);
			defaultConfigurationIsVisible = 0;
			defaultConfigurationName = Release;
		};
/* End XCConfigurationList section */
	};
	rootObject = 5A68CCA1177AF57B00C89252 /* Project object */;
}
